
Microsoft Visual Studio Solution File, Format Version 12.00
# Visual Studio Version 17
VisualStudioVersion = 17.4.33205.214
MinimumVisualStudioVersion = 10.0.40219.1
Project("{9A19103F-16F7-4668-BE54-9A1E7A4F7556}") = "Interpreter", "Interpreter\Interpreter.csproj", "{E4B9E19B-D236-4F48-B4B9-4DDD85754743}"
EndProject
Project("{9A19103F-16F7-4668-BE54-9A1E7A4F7556}") = "Interpreter.Framework", "Interpreter.Framework\Interpreter.Framework.csproj", "{B872D5CD-ACF1-4796-81C3-879FFF33C85C}"
EndProject
Project("{9A19103F-16F7-4668-BE54-9A1E7A4F7556}") = "Interpreter.Tests", "Interpreter.Tests\Interpreter.Tests.csproj", "{81BEBA80-66BB-44BF-BF97-503E97D20874}"
EndProject
Project("{FAE04EC0-301F-11D3-BF4B-00C04F79EFBC}") = "Interpreter.GenerateAst", "Interpreter.GenerateAst\Interpreter.GenerateAst.csproj", "{D3F98C1A-FEFE-4755-8C1A-BFD320FA8A6A}"
EndProject
Global
	GlobalSection(SolutionConfigurationPlatforms) = preSolution
		Debug|Any CPU = Debug|Any CPU
		Release|Any CPU = Release|Any CPU
	EndGlobalSection
	GlobalSection(ProjectConfigurationPlatforms) = postSolution
		{E4B9E19B-D236-4F48-B4B9-4DDD85754743}.Debug|Any CPU.ActiveCfg = Debug|Any CPU
		{E4B9E19B-D236-4F48-B4B9-4DDD85754743}.Debug|Any CPU.Build.0 = Debug|Any CPU
		{E4B9E19B-D236-4F48-B4B9-4DDD85754743}.Release|Any CPU.ActiveCfg = Release|Any CPU
		{E4B9E19B-D236-4F48-B4B9-4DDD85754743}.Release|Any CPU.Build.0 = Release|Any CPU
		{B872D5CD-ACF1-4796-81C3-879FFF33C85C}.Debug|Any CPU.ActiveCfg = Debug|Any CPU
		{B872D5CD-ACF1-4796-81C3-879FFF33C85C}.Debug|Any CPU.Build.0 = Debug|Any CPU
		{B872D5CD-ACF1-4796-81C3-879FFF33C85C}.Release|Any CPU.ActiveCfg = Release|Any CPU
		{B872D5CD-ACF1-4796-81C3-879FFF33C85C}.Release|Any CPU.Build.0 = Release|Any CPU
		{81BEBA80-66BB-44BF-BF97-503E97D20874}.Debug|Any CPU.ActiveCfg = Debug|Any CPU
		{81BEBA80-66BB-44BF-BF97-503E97D20874}.Debug|Any CPU.Build.0 = Debug|Any CPU
		{81BEBA80-66BB-44BF-BF97-503E97D20874}.Release|Any CPU.ActiveCfg = Release|Any CPU
		{81BEBA80-66BB-44BF-BF97-503E97D20874}.Release|Any CPU.Build.0 = Release|Any CPU
		{D3F98C1A-FEFE-4755-8C1A-BFD320FA8A6A}.Debug|Any CPU.ActiveCfg = Debug|Any CPU
		{D3F98C1A-FEFE-4755-8C1A-BFD320FA8A6A}.Debug|Any CPU.Build.0 = Debug|Any CPU
		{D3F98C1A-FEFE-4755-8C1A-BFD320FA8A6A}.Release|Any CPU.ActiveCfg = Release|Any CPU
		{D3F98C1A-FEFE-4755-8C1A-BFD320FA8A6A}.Release|Any CPU.Build.0 = Release|Any CPU
	EndGlobalSection
	GlobalSection(SolutionProperties) = preSolution
		HideSolutionNode = FALSE
	EndGlobalSection
	GlobalSection(ExtensibilityGlobals) = postSolution
		SolutionGuid = {94CA4F21-734F-48E7-BADC-30E3BF579CF4}
	EndGlobalSection
EndGlobal
