
Microsoft Visual Studio Solution File, Format Version 12.00
# Visual Studio Version 17
VisualStudioVersion = 17.4.33205.214
MinimumVisualStudioVersion = 10.0.40219.1
Project("{9A19103F-16F7-4668-BE54-9A1E7A4F7556}") = "Interpreter", "Interpreter\Interpreter.csproj", "{E4B9E19B-D236-4F48-B4B9-4DDD85754743}"
EndProject
Project("{9A19103F-16F7-4668-BE54-9A1E7A4F7556}") = "Interpreter.Framework", "Interpreter.Framework\Interpreter.Framework.csproj", "{B872D5CD-ACF1-4796-81C3-879FFF33C85C}"
EndProject
Project("{9A19103F-16F7-4668-BE54-9A1E7A4F7556}") = "Interpreter.Tests", "Interpreter.Tests\Interpreter.Tests.csproj", "{81BEBA80-66BB-44BF-BF97-503E97D20874}"
EndProject
Project("{9A19103F-16F7-4668-BE54-9A1E7A4F7556}") = "Interpreter.GenerateAst", "Interpreter.GenerateAst\Interpreter.GenerateAst.csproj", "{D3F98C1A-FEFE-4755-8C1A-BFD320FA8A6A}"
EndProject
Project("{8BC9CEB8-8B4A-11D0-8D11-00A0C91BC942}") = "VM.C", "VM.C\VM.C.vcxproj", "{661CB1AF-1B5B-4C85-B701-EA170AEE2510}"
EndProject
Project("{8BC9CEB8-8B4A-11D0-8D11-00A0C91BC942}") = "FIB.C", "FIB.C\FIB.C.vcxproj", "{7C5BD15C-E86F-4E8D-A233-01F1596B1924}"
EndProject
Global
	GlobalSection(SolutionConfigurationPlatforms) = preSolution
		Debug|Any CPU = Debug|Any CPU
		Debug|x64 = Debug|x64
		Debug|x86 = Debug|x86
		Release|Any CPU = Release|Any CPU
		Release|x64 = Release|x64
		Release|x86 = Release|x86
	EndGlobalSection
	GlobalSection(ProjectConfigurationPlatforms) = postSolution
		{E4B9E19B-D236-4F48-B4B9-4DDD85754743}.Debug|Any CPU.ActiveCfg = Debug|Any CPU
		{E4B9E19B-D236-4F48-B4B9-4DDD85754743}.Debug|Any CPU.Build.0 = Debug|Any CPU
		{E4B9E19B-D236-4F48-B4B9-4DDD85754743}.Debug|x64.ActiveCfg = Debug|Any CPU
		{E4B9E19B-D236-4F48-B4B9-4DDD85754743}.Debug|x64.Build.0 = Debug|Any CPU
		{E4B9E19B-D236-4F48-B4B9-4DDD85754743}.Debug|x86.ActiveCfg = Debug|Any CPU
		{E4B9E19B-D236-4F48-B4B9-4DDD85754743}.Debug|x86.Build.0 = Debug|Any CPU
		{E4B9E19B-D236-4F48-B4B9-4DDD85754743}.Release|Any CPU.ActiveCfg = Release|Any CPU
		{E4B9E19B-D236-4F48-B4B9-4DDD85754743}.Release|Any CPU.Build.0 = Release|Any CPU
		{E4B9E19B-D236-4F48-B4B9-4DDD85754743}.Release|x64.ActiveCfg = Release|Any CPU
		{E4B9E19B-D236-4F48-B4B9-4DDD85754743}.Release|x64.Build.0 = Release|Any CPU
		{E4B9E19B-D236-4F48-B4B9-4DDD85754743}.Release|x86.ActiveCfg = Release|Any CPU
		{E4B9E19B-D236-4F48-B4B9-4DDD85754743}.Release|x86.Build.0 = Release|Any CPU
		{B872D5CD-ACF1-4796-81C3-879FFF33C85C}.Debug|Any CPU.ActiveCfg = Debug|Any CPU
		{B872D5CD-ACF1-4796-81C3-879FFF33C85C}.Debug|Any CPU.Build.0 = Debug|Any CPU
		{B872D5CD-ACF1-4796-81C3-879FFF33C85C}.Debug|x64.ActiveCfg = Debug|Any CPU
		{B872D5CD-ACF1-4796-81C3-879FFF33C85C}.Debug|x64.Build.0 = Debug|Any CPU
		{B872D5CD-ACF1-4796-81C3-879FFF33C85C}.Debug|x86.ActiveCfg = Debug|Any CPU
		{B872D5CD-ACF1-4796-81C3-879FFF33C85C}.Debug|x86.Build.0 = Debug|Any CPU
		{B872D5CD-ACF1-4796-81C3-879FFF33C85C}.Release|Any CPU.ActiveCfg = Release|Any CPU
		{B872D5CD-ACF1-4796-81C3-879FFF33C85C}.Release|Any CPU.Build.0 = Release|Any CPU
		{B872D5CD-ACF1-4796-81C3-879FFF33C85C}.Release|x64.ActiveCfg = Release|Any CPU
		{B872D5CD-ACF1-4796-81C3-879FFF33C85C}.Release|x64.Build.0 = Release|Any CPU
		{B872D5CD-ACF1-4796-81C3-879FFF33C85C}.Release|x86.ActiveCfg = Release|Any CPU
		{B872D5CD-ACF1-4796-81C3-879FFF33C85C}.Release|x86.Build.0 = Release|Any CPU
		{81BEBA80-66BB-44BF-BF97-503E97D20874}.Debug|Any CPU.ActiveCfg = Debug|Any CPU
		{81BEBA80-66BB-44BF-BF97-503E97D20874}.Debug|Any CPU.Build.0 = Debug|Any CPU
		{81BEBA80-66BB-44BF-BF97-503E97D20874}.Debug|x64.ActiveCfg = Debug|Any CPU
		{81BEBA80-66BB-44BF-BF97-503E97D20874}.Debug|x64.Build.0 = Debug|Any CPU
		{81BEBA80-66BB-44BF-BF97-503E97D20874}.Debug|x86.ActiveCfg = Debug|Any CPU
		{81BEBA80-66BB-44BF-BF97-503E97D20874}.Debug|x86.Build.0 = Debug|Any CPU
		{81BEBA80-66BB-44BF-BF97-503E97D20874}.Release|Any CPU.ActiveCfg = Release|Any CPU
		{81BEBA80-66BB-44BF-BF97-503E97D20874}.Release|Any CPU.Build.0 = Release|Any CPU
		{81BEBA80-66BB-44BF-BF97-503E97D20874}.Release|x64.ActiveCfg = Release|Any CPU
		{81BEBA80-66BB-44BF-BF97-503E97D20874}.Release|x64.Build.0 = Release|Any CPU
		{81BEBA80-66BB-44BF-BF97-503E97D20874}.Release|x86.ActiveCfg = Release|Any CPU
		{81BEBA80-66BB-44BF-BF97-503E97D20874}.Release|x86.Build.0 = Release|Any CPU
		{D3F98C1A-FEFE-4755-8C1A-BFD320FA8A6A}.Debug|Any CPU.ActiveCfg = Debug|Any CPU
		{D3F98C1A-FEFE-4755-8C1A-BFD320FA8A6A}.Debug|Any CPU.Build.0 = Debug|Any CPU
		{D3F98C1A-FEFE-4755-8C1A-BFD320FA8A6A}.Debug|x64.ActiveCfg = Debug|Any CPU
		{D3F98C1A-FEFE-4755-8C1A-BFD320FA8A6A}.Debug|x64.Build.0 = Debug|Any CPU
		{D3F98C1A-FEFE-4755-8C1A-BFD320FA8A6A}.Debug|x86.ActiveCfg = Debug|Any CPU
		{D3F98C1A-FEFE-4755-8C1A-BFD320FA8A6A}.Debug|x86.Build.0 = Debug|Any CPU
		{D3F98C1A-FEFE-4755-8C1A-BFD320FA8A6A}.Release|Any CPU.ActiveCfg = Release|Any CPU
		{D3F98C1A-FEFE-4755-8C1A-BFD320FA8A6A}.Release|Any CPU.Build.0 = Release|Any CPU
		{D3F98C1A-FEFE-4755-8C1A-BFD320FA8A6A}.Release|x64.ActiveCfg = Release|Any CPU
		{D3F98C1A-FEFE-4755-8C1A-BFD320FA8A6A}.Release|x64.Build.0 = Release|Any CPU
		{D3F98C1A-FEFE-4755-8C1A-BFD320FA8A6A}.Release|x86.ActiveCfg = Release|Any CPU
		{D3F98C1A-FEFE-4755-8C1A-BFD320FA8A6A}.Release|x86.Build.0 = Release|Any CPU
		{661CB1AF-1B5B-4C85-B701-EA170AEE2510}.Debug|Any CPU.ActiveCfg = Debug|x64
		{661CB1AF-1B5B-4C85-B701-EA170AEE2510}.Debug|Any CPU.Build.0 = Debug|x64
		{661CB1AF-1B5B-4C85-B701-EA170AEE2510}.Debug|x64.ActiveCfg = Debug|x64
		{661CB1AF-1B5B-4C85-B701-EA170AEE2510}.Debug|x64.Build.0 = Debug|x64
		{661CB1AF-1B5B-4C85-B701-EA170AEE2510}.Debug|x86.ActiveCfg = Debug|Win32
		{661CB1AF-1B5B-4C85-B701-EA170AEE2510}.Debug|x86.Build.0 = Debug|Win32
		{661CB1AF-1B5B-4C85-B701-EA170AEE2510}.Release|Any CPU.ActiveCfg = Release|x64
		{661CB1AF-1B5B-4C85-B701-EA170AEE2510}.Release|Any CPU.Build.0 = Release|x64
		{661CB1AF-1B5B-4C85-B701-EA170AEE2510}.Release|x64.ActiveCfg = Release|x64
		{661CB1AF-1B5B-4C85-B701-EA170AEE2510}.Release|x64.Build.0 = Release|x64
		{661CB1AF-1B5B-4C85-B701-EA170AEE2510}.Release|x86.ActiveCfg = Release|Win32
		{661CB1AF-1B5B-4C85-B701-EA170AEE2510}.Release|x86.Build.0 = Release|Win32
		{7C5BD15C-E86F-4E8D-A233-01F1596B1924}.Debug|Any CPU.ActiveCfg = Debug|x64
		{7C5BD15C-E86F-4E8D-A233-01F1596B1924}.Debug|Any CPU.Build.0 = Debug|x64
		{7C5BD15C-E86F-4E8D-A233-01F1596B1924}.Debug|x64.ActiveCfg = Debug|x64
		{7C5BD15C-E86F-4E8D-A233-01F1596B1924}.Debug|x64.Build.0 = Debug|x64
		{7C5BD15C-E86F-4E8D-A233-01F1596B1924}.Debug|x86.ActiveCfg = Debug|Win32
		{7C5BD15C-E86F-4E8D-A233-01F1596B1924}.Debug|x86.Build.0 = Debug|Win32
		{7C5BD15C-E86F-4E8D-A233-01F1596B1924}.Release|Any CPU.ActiveCfg = Release|x64
		{7C5BD15C-E86F-4E8D-A233-01F1596B1924}.Release|Any CPU.Build.0 = Release|x64
		{7C5BD15C-E86F-4E8D-A233-01F1596B1924}.Release|x64.ActiveCfg = Release|x64
		{7C5BD15C-E86F-4E8D-A233-01F1596B1924}.Release|x64.Build.0 = Release|x64
		{7C5BD15C-E86F-4E8D-A233-01F1596B1924}.Release|x86.ActiveCfg = Release|Win32
		{7C5BD15C-E86F-4E8D-A233-01F1596B1924}.Release|x86.Build.0 = Release|Win32
	EndGlobalSection
	GlobalSection(SolutionProperties) = preSolution
		HideSolutionNode = FALSE
	EndGlobalSection
	GlobalSection(ExtensibilityGlobals) = postSolution
		SolutionGuid = {94CA4F21-734F-48E7-BADC-30E3BF579CF4}
	EndGlobalSection
EndGlobal
